
Microsoft Visual Studio Solution File, Format Version 12.00
# Visual Studio Version 16
VisualStudioVersion = 16.0.28922.388
MinimumVisualStudioVersion = 10.0.40219.1
Project("{2150E333-8FDC-42A3-9474-1A3956D46DE8}") = "src", "src", "{588C6FCE-6387-42B6-BAF2-4FE9E7C505B1}"
EndProject
Project("{2150E333-8FDC-42A3-9474-1A3956D46DE8}") = "simple", "simple", "{2D9B66FC-B9D4-4FA6-BF98-5AE7E45FA2BB}"
EndProject
Project("{9A19103F-16F7-4668-BE54-9A1E7A4F7556}") = "Zebra.NetCore.Interception", "src\Zebra.NetCore.Interception\Zebra.NetCore.Interception.csproj", "{8994189B-8D0D-4C4A-80DD-2A62B6A3FB93}"
EndProject
Project("{9A19103F-16F7-4668-BE54-9A1E7A4F7556}") = "Zebra.NetCore.InterceptionSimple", "simple\Zebra.NetCore.InterceptionSimple\Zebra.NetCore.InterceptionSimple.csproj", "{608D44FB-6849-4D3C-9998-D9C69E0742EE}"
EndProject
Global
	GlobalSection(SolutionConfigurationPlatforms) = preSolution
		Debug|Any CPU = Debug|Any CPU
		Release|Any CPU = Release|Any CPU
	EndGlobalSection
	GlobalSection(ProjectConfigurationPlatforms) = postSolution
		{8994189B-8D0D-4C4A-80DD-2A62B6A3FB93}.Debug|Any CPU.ActiveCfg = Debug|Any CPU
		{8994189B-8D0D-4C4A-80DD-2A62B6A3FB93}.Debug|Any CPU.Build.0 = Debug|Any CPU
		{8994189B-8D0D-4C4A-80DD-2A62B6A3FB93}.Release|Any CPU.ActiveCfg = Release|Any CPU
		{8994189B-8D0D-4C4A-80DD-2A62B6A3FB93}.Release|Any CPU.Build.0 = Release|Any CPU
		{608D44FB-6849-4D3C-9998-D9C69E0742EE}.Debug|Any CPU.ActiveCfg = Debug|Any CPU
		{608D44FB-6849-4D3C-9998-D9C69E0742EE}.Debug|Any CPU.Build.0 = Debug|Any CPU
		{608D44FB-6849-4D3C-9998-D9C69E0742EE}.Release|Any CPU.ActiveCfg = Release|Any CPU
		{608D44FB-6849-4D3C-9998-D9C69E0742EE}.Release|Any CPU.Build.0 = Release|Any CPU
	EndGlobalSection
	GlobalSection(SolutionProperties) = preSolution
		HideSolutionNode = FALSE
	EndGlobalSection
	GlobalSection(NestedProjects) = preSolution
		{8994189B-8D0D-4C4A-80DD-2A62B6A3FB93} = {588C6FCE-6387-42B6-BAF2-4FE9E7C505B1}
		{608D44FB-6849-4D3C-9998-D9C69E0742EE} = {2D9B66FC-B9D4-4FA6-BF98-5AE7E45FA2BB}
	EndGlobalSection
	GlobalSection(ExtensibilityGlobals) = postSolution
		SolutionGuid = {07F7BC9C-4230-4422-8F79-6B9FF76FBAA3}
	EndGlobalSection
EndGlobal
